// !$*UTF8*$!
{
	archiveVersion = 1;
	classes = {
	};
	objectVersion = 46;
	objects = {

/* Begin PBXBuildFile section */
		166D67831B7C43AB0018FAC9 /* AppDelegate.swift in Sources */ = {isa = PBXBuildFile; fileRef = 166D67821B7C43AB0018FAC9 /* AppDelegate.swift */; };
		166D67851B7C43AB0018FAC9 /* ViewController.swift in Sources */ = {isa = PBXBuildFile; fileRef = 166D67841B7C43AB0018FAC9 /* ViewController.swift */; };
		166D67881B7C43AB0018FAC9 /* Main.storyboard in Resources */ = {isa = PBXBuildFile; fileRef = 166D67861B7C43AB0018FAC9 /* Main.storyboard */; };
		166D678A1B7C43AB0018FAC9 /* Images.xcassets in Resources */ = {isa = PBXBuildFile; fileRef = 166D67891B7C43AB0018FAC9 /* Images.xcassets */; };
		166D678D1B7C43AB0018FAC9 /* LaunchScreen.xib in Resources */ = {isa = PBXBuildFile; fileRef = 166D678B1B7C43AB0018FAC9 /* LaunchScreen.xib */; };
		166D67991B7C43AB0018FAC9 /* githubScannerTests.swift in Sources */ = {isa = PBXBuildFile; fileRef = 166D67981B7C43AB0018FAC9 /* githubScannerTests.swift */; };
		166D67A31B7C45C30018FAC9 /* Repository.swift in Sources */ = {isa = PBXBuildFile; fileRef = 166D67A21B7C45C30018FAC9 /* Repository.swift */; };
		166D67A51B7C52930018FAC9 /* DetailViewController.swift in Sources */ = {isa = PBXBuildFile; fileRef = 166D67A41B7C52930018FAC9 /* DetailViewController.swift */; };
/* End PBXBuildFile section */

/* Begin PBXContainerItemProxy section */
		166D67931B7C43AB0018FAC9 /* PBXContainerItemProxy */ = {
			isa = PBXContainerItemProxy;
			containerPortal = 166D67751B7C43AA0018FAC9 /* Project object */;
			proxyType = 1;
			remoteGlobalIDString = 166D677C1B7C43AB0018FAC9;
			remoteInfo = githubScanner;
		};
/* End PBXContainerItemProxy section */

/* Begin PBXFileReference section */
		166D677D1B7C43AB0018FAC9 /* githubScanner.app */ = {isa = PBXFileReference; explicitFileType = wrapper.application; includeInIndex = 0; path = githubScanner.app; sourceTree = BUILT_PRODUCTS_DIR; };
		166D67811B7C43AB0018FAC9 /* Info.plist */ = {isa = PBXFileReference; lastKnownFileType = text.plist.xml; path = Info.plist; sourceTree = "<group>"; };
		166D67821B7C43AB0018FAC9 /* AppDelegate.swift */ = {isa = PBXFileReference; lastKnownFileType = sourcecode.swift; path = AppDelegate.swift; sourceTree = "<group>"; };
		166D67841B7C43AB0018FAC9 /* ViewController.swift */ = {isa = PBXFileReference; lastKnownFileType = sourcecode.swift; path = ViewController.swift; sourceTree = "<group>"; };
		166D67871B7C43AB0018FAC9 /* Base */ = {isa = PBXFileReference; lastKnownFileType = file.storyboard; name = Base; path = Base.lproj/Main.storyboard; sourceTree = "<group>"; };
		166D67891B7C43AB0018FAC9 /* Images.xcassets */ = {isa = PBXFileReference; lastKnownFileType = folder.assetcatalog; path = Images.xcassets; sourceTree = "<group>"; };
		166D678C1B7C43AB0018FAC9 /* Base */ = {isa = PBXFileReference; lastKnownFileType = file.xib; name = Base; path = Base.lproj/LaunchScreen.xib; sourceTree = "<group>"; };
		166D67921B7C43AB0018FAC9 /* githubScannerTests.xctest */ = {isa = PBXFileReference; explicitFileType = wrapper.cfbundle; includeInIndex = 0; path = githubScannerTests.xctest; sourceTree = BUILT_PRODUCTS_DIR; };
		166D67971B7C43AB0018FAC9 /* Info.plist */ = {isa = PBXFileReference; lastKnownFileType = text.plist.xml; path = Info.plist; sourceTree = "<group>"; };
		166D67981B7C43AB0018FAC9 /* githubScannerTests.swift */ = {isa = PBXFileReference; lastKnownFileType = sourcecode.swift; path = githubScannerTests.swift; sourceTree = "<group>"; };
		166D67A21B7C45C30018FAC9 /* Repository.swift */ = {isa = PBXFileReference; fileEncoding = 4; lastKnownFileType = sourcecode.swift; path = Repository.swift; sourceTree = "<group>"; };
		166D67A41B7C52930018FAC9 /* DetailViewController.swift */ = {isa = PBXFileReference; fileEncoding = 4; lastKnownFileType = sourcecode.swift; path = DetailViewController.swift; sourceTree = "<group>"; };
/* End PBXFileReference section */

/* Begin PBXFrameworksBuildPhase section */
		166D677A1B7C43AB0018FAC9 /* Frameworks */ = {
			isa = PBXFrameworksBuildPhase;
			buildActionMask = 2147483647;
			files = (
			);
			runOnlyForDeploymentPostprocessing = 0;
		};
		166D678F1B7C43AB0018FAC9 /* Frameworks */ = {
			isa = PBXFrameworksBuildPhase;
			buildActionMask = 2147483647;
			files = (
			);
			runOnlyForDeploymentPostprocessing = 0;
		};
/* End PBXFrameworksBuildPhase section */

/* Begin PBXGroup section */
		166D67741B7C43AA0018FAC9 = {
			isa = PBXGroup;
			children = (
				166D677F1B7C43AB0018FAC9 /* githubScanner */,
				166D67951B7C43AB0018FAC9 /* githubScannerTests */,
				166D677E1B7C43AB0018FAC9 /* Products */,
			);
			sourceTree = "<group>";
		};
		166D677E1B7C43AB0018FAC9 /* Products */ = {
			isa = PBXGroup;
			children = (
				166D677D1B7C43AB0018FAC9 /* githubScanner.app */,
				166D67921B7C43AB0018FAC9 /* githubScannerTests.xctest */,
			);
			name = Products;
			sourceTree = "<group>";
		};
		166D677F1B7C43AB0018FAC9 /* githubScanner */ = {
			isa = PBXGroup;
			children = (
				166D67821B7C43AB0018FAC9 /* AppDelegate.swift */,
				166D67841B7C43AB0018FAC9 /* ViewController.swift */,
				166D67A21B7C45C30018FAC9 /* Repository.swift */,
				166D67861B7C43AB0018FAC9 /* Main.storyboard */,
				166D67A41B7C52930018FAC9 /* DetailViewController.swift */,
				166D67891B7C43AB0018FAC9 /* Images.xcassets */,
				166D678B1B7C43AB0018FAC9 /* LaunchScreen.xib */,
				166D67801B7C43AB0018FAC9 /* Supporting Files */,
			);
			path = githubScanner;
			sourceTree = "<group>";
		};
		166D67801B7C43AB0018FAC9 /* Supporting Files */ = {
			isa = PBXGroup;
			children = (
				166D67811B7C43AB0018FAC9 /* Info.plist */,
			);
			name = "Supporting Files";
			sourceTree = "<group>";
		};
		166D67951B7C43AB0018FAC9 /* githubScannerTests */ = {
			isa = PBXGroup;
			children = (
				166D67981B7C43AB0018FAC9 /* githubScannerTests.swift */,
				166D67961B7C43AB0018FAC9 /* Supporting Files */,
			);
			path = githubScannerTests;
			sourceTree = "<group>";
		};
		166D67961B7C43AB0018FAC9 /* Supporting Files */ = {
			isa = PBXGroup;
			children = (
				166D67971B7C43AB0018FAC9 /* Info.plist */,
			);
			name = "Supporting Files";
			sourceTree = "<group>";
		};
/* End PBXGroup section */

/* Begin PBXNativeTarget section */
		166D677C1B7C43AB0018FAC9 /* githubScanner */ = {
			isa = PBXNativeTarget;
			buildConfigurationList = 166D679C1B7C43AB0018FAC9 /* Build configuration list for PBXNativeTarget "githubScanner" */;
			buildPhases = (
				166D67791B7C43AB0018FAC9 /* Sources */,
				166D677A1B7C43AB0018FAC9 /* Frameworks */,
				166D677B1B7C43AB0018FAC9 /* Resources */,
			);
			buildRules = (
			);
			dependencies = (
			);
			name = githubScanner;
			productName = githubScanner;
			productReference = 166D677D1B7C43AB0018FAC9 /* githubScanner.app */;
			productType = "com.apple.product-type.application";
		};
		166D67911B7C43AB0018FAC9 /* githubScannerTests */ = {
			isa = PBXNativeTarget;
			buildConfigurationList = 166D679F1B7C43AB0018FAC9 /* Build configuration list for PBXNativeTarget "githubScannerTests" */;
			buildPhases = (
				166D678E1B7C43AB0018FAC9 /* Sources */,
				166D678F1B7C43AB0018FAC9 /* Frameworks */,
				166D67901B7C43AB0018FAC9 /* Resources */,
			);
			buildRules = (
			);
			dependencies = (
				166D67941B7C43AB0018FAC9 /* PBXTargetDependency */,
			);
			name = githubScannerTests;
			productName = githubScannerTests;
			productReference = 166D67921B7C43AB0018FAC9 /* githubScannerTests.xctest */;
			productType = "com.apple.product-type.bundle.unit-test";
		};
/* End PBXNativeTarget section */

/* Begin PBXProject section */
		166D67751B7C43AA0018FAC9 /* Project object */ = {
			isa = PBXProject;
			attributes = {
				LastUpgradeCheck = 0640;
				ORGANIZATIONNAME = RussellSchmidt.net;
				TargetAttributes = {
					166D677C1B7C43AB0018FAC9 = {
						CreatedOnToolsVersion = 6.4;
					};
					166D67911B7C43AB0018FAC9 = {
						CreatedOnToolsVersion = 6.4;
						TestTargetID = 166D677C1B7C43AB0018FAC9;
					};
				};
			};
			buildConfigurationList = 166D67781B7C43AA0018FAC9 /* Build configuration list for PBXProject "githubScanner" */;
			compatibilityVersion = "Xcode 3.2";
			developmentRegion = English;
			hasScannedForEncodings = 0;
			knownRegions = (
				en,
				Base,
			);
			mainGroup = 166D67741B7C43AA0018FAC9;
			productRefGroup = 166D677E1B7C43AB0018FAC9 /* Products */;
			projectDirPath = "";
			projectRoot = "";
			targets = (
				166D677C1B7C43AB0018FAC9 /* githubScanner */,
				166D67911B7C43AB0018FAC9 /* githubScannerTests */,
			);
		};
/* End PBXProject section */

/* Begin PBXResourcesBuildPhase section */
		166D677B1B7C43AB0018FAC9 /* Resources */ = {
			isa = PBXResourcesBuildPhase;
			buildActionMask = 2147483647;
			files = (
				166D67881B7C43AB0018FAC9 /* Main.storyboard in Resources */,
				166D678D1B7C43AB0018FAC9 /* LaunchScreen.xib in Resources */,
				166D678A1B7C43AB0018FAC9 /* Images.xcassets in Resources */,
			);
			runOnlyForDeploymentPostprocessing = 0;
		};
		166D67901B7C43AB0018FAC9 /* Resources */ = {
			isa = PBXResourcesBuildPhase;
			buildActionMask = 2147483647;
			files = (
			);
			runOnlyForDeploymentPostprocessing = 0;
		};
/* End PBXResourcesBuildPhase section */

/* Begin PBXSourcesBuildPhase section */
		166D67791B7C43AB0018FAC9 /* Sources */ = {
			isa = PBXSourcesBuildPhase;
			buildActionMask = 2147483647;
			files = (
				166D67851B7C43AB0018FAC9 /* ViewController.swift in Sources */,
				166D67831B7C43AB0018FAC9 /* AppDelegate.swift in Sources */,
				166D67A31B7C45C30018FAC9 /* Repository.swift in Sources */,
				166D67A51B7C52930018FAC9 /* DetailViewController.swift in Sources */,
			);
			runOnlyForDeploymentPostprocessing = 0;
		};
		166D678E1B7C43AB0018FAC9 /* Sources */ = {
			isa = PBXSourcesBuildPhase;
			buildActionMask = 2147483647;
			files = (
				166D67991B7C43AB0018FAC9 /* githubScannerTests.swift in Sources */,
			);
			runOnlyForDeploymentPostprocessing = 0;
		};
/* End PBXSourcesBuildPhase section */

/* Begin PBXTargetDependency section */
		166D67941B7C43AB0018FAC9 /* PBXTargetDependency */ = {
			isa = PBXTargetDependency;
			target = 166D677C1B7C43AB0018FAC9 /* githubScanner */;
			targetProxy = 166D67931B7C43AB0018FAC9 /* PBXContainerItemProxy */;
		};
/* End PBXTargetDependency section */

/* Begin PBXVariantGroup section */
		166D67861B7C43AB0018FAC9 /* Main.storyboard */ = {
			isa = PBXVariantGroup;
			children = (
				166D67871B7C43AB0018FAC9 /* Base */,
			);
			name = Main.storyboard;
			sourceTree = "<group>";
		};
		166D678B1B7C43AB0018FAC9 /* LaunchScreen.xib */ = {
			isa = PBXVariantGroup;
			children = (
				166D678C1B7C43AB0018FAC9 /* Base */,
			);
			name = LaunchScreen.xib;
			sourceTree = "<group>";
		};
/* End PBXVariantGroup section */

/* Begin XCBuildConfiguration section */
		166D679A1B7C43AB0018FAC9 /* Debug */ = {
			isa = XCBuildConfiguration;
			buildSettings = {
				ALWAYS_SEARCH_USER_PATHS = NO;
				CLANG_CXX_LANGUAGE_STANDARD = "gnu++0x";
				CLANG_CXX_LIBRARY = "libc++";
				CLANG_ENABLE_MODULES = YES;
				CLANG_ENABLE_OBJC_ARC = YES;
				CLANG_WARN_BOOL_CONVERSION = YES;
				CLANG_WARN_CONSTANT_CONVERSION = YES;
				CLANG_WARN_DIRECT_OBJC_ISA_USAGE = YES_ERROR;
				CLANG_WARN_EMPTY_BODY = YES;
				CLANG_WARN_ENUM_CONVERSION = YES;
				CLANG_WARN_INT_CONVERSION = YES;
				CLANG_WARN_OBJC_ROOT_CLASS = YES_ERROR;
				CLANG_WARN_UNREACHABLE_CODE = YES;
				CLANG_WARN__DUPLICATE_METHOD_MATCH = YES;
				"CODE_SIGN_IDENTITY[sdk=iphoneos*]" = "iPhone Developer";
				COPY_PHASE_STRIP = NO;
				DEBUG_INFORMATION_FORMAT = "dwarf-with-dsym";
				ENABLE_STRICT_OBJC_MSGSEND = YES;
				GCC_C_LANGUAGE_STANDARD = gnu99;
				GCC_DYNAMIC_NO_PIC = NO;
				GCC_NO_COMMON_BLOCKS = YES;
				GCC_OPTIMIZATION_LEVEL = 0;
				GCC_PREPROCESSOR_DEFINITIONS = (
					"DEBUG=1",
					"$(inherited)",
				);
				GCC_SYMBOLS_PRIVATE_EXTERN = NO;
				GCC_WARN_64_TO_32_BIT_CONVERSION = YES;
				GCC_WARN_ABOUT_RETURN_TYPE = YES_ERROR;
				GCC_WARN_UNDECLARED_SELECTOR = YES;
				GCC_WARN_UNINITIALIZED_AUTOS = YES_AGGRESSIVE;
				GCC_WARN_UNUSED_FUNCTION = YES;
				GCC_WARN_UNUSED_VARIABLE = YES;
				IPHONEOS_DEPLOYMENT_TARGET = 8.4;
				MTL_ENABLE_DEBUG_INFO = YES;
				ONLY_ACTIVE_ARCH = YES;
				SDKROOT = iphoneos;
				SWIFT_OPTIMIZATION_LEVEL = "-Onone";
				TARGETED_DEVICE_FAMILY = "1,2";
			};
			name = Debug;
		};
		166D679B1B7C43AB0018FAC9 /* Release */ = {
			isa = XCBuildConfiguration;
			buildSettings = {
				ALWAYS_SEARCH_USER_PATHS = NO;
				CLANG_CXX_LANGUAGE_STANDARD = "gnu++0x";
				CLANG_CXX_LIBRARY = "libc++";
				CLANG_ENABLE_MODULES = YES;
				CLANG_ENABLE_OBJC_ARC = YES;
				CLANG_WARN_BOOL_CONVERSION = YES;
				CLANG_WARN_CONSTANT_CONVERSION = YES;
				CLANG_WARN_DIRECT_OBJC_ISA_USAGE = YES_ERROR;
				CLANG_WARN_EMPTY_BODY = YES;
				CLANG_WARN_ENUM_CONVERSION = YES;
				CLANG_WARN_INT_CONVERSION = YES;
				CLANG_WARN_OBJC_ROOT_CLASS = YES_ERROR;
				CLANG_WARN_UNREACHABLE_CODE = YES;
				CLANG_WARN__DUPLICATE_METHOD_MATCH = YES;
				"CODE_SIGN_IDENTITY[sdk=iphoneos*]" = "iPhone Developer";
				COPY_PHASE_STRIP = NO;
				DEBUG_INFORMATION_FORMAT = "dwarf-with-dsym";
				ENABLE_NS_ASSERTIONS = NO;
				ENABLE_STRICT_OBJC_MSGSEND = YES;
				GCC_C_LANGUAGE_STANDARD = gnu99;
				GCC_NO_COMMON_BLOCKS = YES;
				GCC_WARN_64_TO_32_BIT_CONVERSION = YES;
				GCC_WARN_ABOUT_RETURN_TYPE = YES_ERROR;
				GCC_WARN_UNDECLARED_SELECTOR = YES;
				GCC_WARN_UNINITIALIZED_AUTOS = YES_AGGRESSIVE;
				GCC_WARN_UNUSED_FUNCTION = YES;
				GCC_WARN_UNUSED_VARIABLE = YES;
				IPHONEOS_DEPLOYMENT_TARGET = 8.4;
				MTL_ENABLE_DEBUG_INFO = NO;
				SDKROOT = iphoneos;
				TARGETED_DEVICE_FAMILY = "1,2";
				VALIDATE_PRODUCT = YES;
			};
			name = Release;
		};
		166D679D1B7C43AB0018FAC9 /* Debug */ = {
			isa = XCBuildConfiguration;
			buildSettings = {
				ASSETCATALOG_COMPILER_APPICON_NAME = AppIcon;
				INFOPLIST_FILE = githubScanner/Info.plist;
				LD_RUNPATH_SEARCH_PATHS = "$(inherited) @executable_path/Frameworks";
				PRODUCT_NAME = "$(TARGET_NAME)";
			};
			name = Debug;
		};
		166D679E1B7C43AB0018FAC9 /* Release */ = {
			isa = XCBuildConfiguration;
			buildSettings = {
				ASSETCATALOG_COMPILER_APPICON_NAME = AppIcon;
				INFOPLIST_FILE = githubScanner/Info.plist;
				LD_RUNPATH_SEARCH_PATHS = "$(inherited) @executable_path/Frameworks";
				PRODUCT_NAME = "$(TARGET_NAME)";
			};
			name = Release;
		};
		166D67A01B7C43AB0018FAC9 /* Debug */ = {
			isa = XCBuildConfiguration;
			buildSettings = {
				BUNDLE_LOADER = "$(TEST_HOST)";
				FRAMEWORK_SEARCH_PATHS = (
					"$(SDKROOT)/Developer/Library/Frameworks",
					"$(inherited)",
				);
				GCC_PREPROCESSOR_DEFINITIONS = (
					"DEBUG=1",
					"$(inherited)",
				);
				INFOPLIST_FILE = githubScannerTests/Info.plist;
				LD_RUNPATH_SEARCH_PATHS = "$(inherited) @executable_path/Frameworks @loader_path/Frameworks";
				PRODUCT_NAME = "$(TARGET_NAME)";
				TEST_HOST = "$(BUILT_PRODUCTS_DIR)/githubScanner.app/githubScanner";
			};
			name = Debug;
		};
		166D67A11B7C43AB0018FAC9 /* Release */ = {
			isa = XCBuildConfiguration;
			buildSettings = {
				BUNDLE_LOADER = "$(TEST_HOST)";
				FRAMEWORK_SEARCH_PATHS = (
					"$(SDKROOT)/Developer/Library/Frameworks",
					"$(inherited)",
				);
				INFOPLIST_FILE = githubScannerTests/Info.plist;
				LD_RUNPATH_SEARCH_PATHS = "$(inherited) @executable_path/Frameworks @loader_path/Frameworks";
				PRODUCT_NAME = "$(TARGET_NAME)";
				TEST_HOST = "$(BUILT_PRODUCTS_DIR)/githubScanner.app/githubScanner";
			};
			name = Release;
		};
/* End XCBuildConfiguration section */

/* Begin XCConfigurationList section */
		166D67781B7C43AA0018FAC9 /* Build configuration list for PBXProject "githubScanner" */ = {
			isa = XCConfigurationList;
			buildConfigurations = (
				166D679A1B7C43AB0018FAC9 /* Debug */,
				166D679B1B7C43AB0018FAC9 /* Release */,
			);
			defaultConfigurationIsVisible = 0;
			defaultConfigurationName = Release;
		};
		166D679C1B7C43AB0018FAC9 /* Build configuration list for PBXNativeTarget "githubScanner" */ = {
			isa = XCConfigurationList;
			buildConfigurations = (
				166D679D1B7C43AB0018FAC9 /* Debug */,
				166D679E1B7C43AB0018FAC9 /* Release */,
			);
			defaultConfigurationIsVisible = 0;
		};
		166D679F1B7C43AB0018FAC9 /* Build configuration list for PBXNativeTarget "githubScannerTests" */ = {
			isa = XCConfigurationList;
			buildConfigurations = (
				166D67A01B7C43AB0018FAC9 /* Debug */,
				166D67A11B7C43AB0018FAC9 /* Release */,
			);
			defaultConfigurationIsVisible = 0;
		};
/* End XCConfigurationList section */
	};
	rootObject = 166D67751B7C43AA0018FAC9 /* Project object */;
}
